
Microsoft Visual Studio Solution File, Format Version 12.00
# Visual Studio 2013
VisualStudioVersion = 12.0.40629.0
MinimumVisualStudioVersion = 10.0.40219.1
Project("{FAE04EC0-301F-11D3-BF4B-00C04F79EFBC}") = "Entities", "Entities\Entities.csproj", "{14B37027-C3D0-44B8-B1EB-5412A15C0E88}"
EndProject
Project("{FAE04EC0-301F-11D3-BF4B-00C04F79EFBC}") = "Data", "Data\Data.csproj", "{7A252686-1AFE-4EFC-9BF0-D3FE714CF3CE}"
EndProject
Project("{FAE04EC0-301F-11D3-BF4B-00C04F79EFBC}") = "WebAPI", "WebAPI\WebAPI.csproj", "{95D6F1F4-8935-4114-B42E-DDBFEC298770}"
EndProject
Project("{FAE04EC0-301F-11D3-BF4B-00C04F79EFBC}") = "MVC", "MVC\MVC.csproj", "{F8BC9F96-AFA3-4A4A-A61F-CC169994604A}"
EndProject
Project("{FAE04EC0-301F-11D3-BF4B-00C04F79EFBC}") = "Business", "Business\Business.csproj", "{0DE5ABCE-AB39-4B0E-A1C5-0A344C719CA2}"
EndProject
Global
	GlobalSection(SolutionConfigurationPlatforms) = preSolution
		Debug|Any CPU = Debug|Any CPU
		Release|Any CPU = Release|Any CPU
	EndGlobalSection
	GlobalSection(ProjectConfigurationPlatforms) = postSolution
		{14B37027-C3D0-44B8-B1EB-5412A15C0E88}.Debug|Any CPU.ActiveCfg = Debug|Any CPU
		{14B37027-C3D0-44B8-B1EB-5412A15C0E88}.Debug|Any CPU.Build.0 = Debug|Any CPU
		{14B37027-C3D0-44B8-B1EB-5412A15C0E88}.Release|Any CPU.ActiveCfg = Release|Any CPU
		{14B37027-C3D0-44B8-B1EB-5412A15C0E88}.Release|Any CPU.Build.0 = Release|Any CPU
		{7A252686-1AFE-4EFC-9BF0-D3FE714CF3CE}.Debug|Any CPU.ActiveCfg = Debug|Any CPU
		{7A252686-1AFE-4EFC-9BF0-D3FE714CF3CE}.Debug|Any CPU.Build.0 = Debug|Any CPU
		{7A252686-1AFE-4EFC-9BF0-D3FE714CF3CE}.Release|Any CPU.ActiveCfg = Release|Any CPU
		{7A252686-1AFE-4EFC-9BF0-D3FE714CF3CE}.Release|Any CPU.Build.0 = Release|Any CPU
		{95D6F1F4-8935-4114-B42E-DDBFEC298770}.Debug|Any CPU.ActiveCfg = Debug|Any CPU
		{95D6F1F4-8935-4114-B42E-DDBFEC298770}.Debug|Any CPU.Build.0 = Debug|Any CPU
		{95D6F1F4-8935-4114-B42E-DDBFEC298770}.Release|Any CPU.ActiveCfg = Release|Any CPU
		{95D6F1F4-8935-4114-B42E-DDBFEC298770}.Release|Any CPU.Build.0 = Release|Any CPU
		{F8BC9F96-AFA3-4A4A-A61F-CC169994604A}.Debug|Any CPU.ActiveCfg = Debug|Any CPU
		{F8BC9F96-AFA3-4A4A-A61F-CC169994604A}.Debug|Any CPU.Build.0 = Debug|Any CPU
		{F8BC9F96-AFA3-4A4A-A61F-CC169994604A}.Release|Any CPU.ActiveCfg = Release|Any CPU
		{F8BC9F96-AFA3-4A4A-A61F-CC169994604A}.Release|Any CPU.Build.0 = Release|Any CPU
		{0DE5ABCE-AB39-4B0E-A1C5-0A344C719CA2}.Debug|Any CPU.ActiveCfg = Debug|Any CPU
		{0DE5ABCE-AB39-4B0E-A1C5-0A344C719CA2}.Debug|Any CPU.Build.0 = Debug|Any CPU
		{0DE5ABCE-AB39-4B0E-A1C5-0A344C719CA2}.Release|Any CPU.ActiveCfg = Release|Any CPU
		{0DE5ABCE-AB39-4B0E-A1C5-0A344C719CA2}.Release|Any CPU.Build.0 = Release|Any CPU
	EndGlobalSection
	GlobalSection(SolutionProperties) = preSolution
		HideSolutionNode = FALSE
	EndGlobalSection
EndGlobal
